
Microsoft Visual Studio Solution File, Format Version 12.00
# Visual Studio Version 17
VisualStudioVersion = 17.10.35122.118
MinimumVisualStudioVersion = 10.0.40219.1
Project("{FAE04EC0-301F-11D3-BF4B-00C04F79EFBC}") = "test", "test.csproj", "{946D9CBB-7AE9-43AF-9C40-BE943A6F4A53}"
EndProject
Global
	GlobalSection(SolutionConfigurationPlatforms) = preSolution
		Debug|Any CPU = Debug|Any CPU
		Release|Any CPU = Release|Any CPU
	EndGlobalSection
	GlobalSection(ProjectConfigurationPlatforms) = postSolution
		{946D9CBB-7AE9-43AF-9C40-BE943A6F4A53}.Debug|Any CPU.ActiveCfg = Debug|Any CPU
		{946D9CBB-7AE9-43AF-9C40-BE943A6F4A53}.Debug|Any CPU.Build.0 = Debug|Any CPU
		{946D9CBB-7AE9-43AF-9C40-BE943A6F4A53}.Release|Any CPU.ActiveCfg = Release|Any CPU
		{946D9CBB-7AE9-43AF-9C40-BE943A6F4A53}.Release|Any CPU.Build.0 = Release|Any CPU
	EndGlobalSection
	GlobalSection(SolutionProperties) = preSolution
		HideSolutionNode = FALSE
	EndGlobalSection
	GlobalSection(ExtensibilityGlobals) = postSolution
		SolutionGuid = {A77C065D-2BC3-4679-832D-F77E7F67ABA1}
	EndGlobalSection
EndGlobal
